
Microsoft Visual Studio Solution File, Format Version 12.00
# Visual Studio Version 17
VisualStudioVersion = 17.14.36518.9
MinimumVisualStudioVersion = 10.0.40219.1
Project("{FAE04EC0-301F-11D3-BF4B-00C04F79EFBC}") = "CaBackendTest.Domain", "CaBackendTeste.Domain\CaBackendTest.Domain.csproj", "{69DEB16D-7BAE-4D32-A111-1522B68BBB37}"
EndProject
Project("{FAE04EC0-301F-11D3-BF4B-00C04F79EFBC}") = "CaBackendTest.Application", "CaBackendTeste.Application\CaBackendTest.Application.csproj", "{C05744E0-235E-4219-B5A8-C406B16453A5}"
EndProject
Project("{FAE04EC0-301F-11D3-BF4B-00C04F79EFBC}") = "CaBackendTest.Infrastructure", "CaBackendTest.Infrastructure\CaBackendTest.Infrastructure.csproj", "{FA9A3DE1-C319-4B39-A5FD-E25429ACD076}"
EndProject
Project("{FAE04EC0-301F-11D3-BF4B-00C04F79EFBC}") = "CaBackendTest.Api", "CaBackendTest.Api\CaBackendTest.Api.csproj", "{F7BEBB97-8702-4213-A8E5-C6F321A00ED0}"
EndProject
Project("{2150E333-8FDC-42A3-9474-1A3956D46DE8}") = "Itens de Solução", "Itens de Solução", "{60CA0214-88C6-8651-7B8B-6C0F6C5892CB}"
	ProjectSection(SolutionItems) = preProject
		docker-compose.yml = docker-compose.yml
	EndProjectSection
EndProject
Project("{FAE04EC0-301F-11D3-BF4B-00C04F79EFBC}") = "CaBackendTest.Application.Tests", "CaBackendTest.Application.Tests\CaBackendTest.Application.Tests.csproj", "{3851A5D1-2346-4725-B709-B3E383B1B72C}"
EndProject
Project("{FAE04EC0-301F-11D3-BF4B-00C04F79EFBC}") = "CaBackendTest.Infrastructure.Tests", "CaBackendTest.Infrastructure.Tests\CaBackendTest.Infrastructure.Tests.csproj", "{D5DDFED4-F61F-4A2D-B0EE-AA6B55D1E099}"
EndProject
Global
	GlobalSection(SolutionConfigurationPlatforms) = preSolution
		Debug|Any CPU = Debug|Any CPU
		Release|Any CPU = Release|Any CPU
	EndGlobalSection
	GlobalSection(ProjectConfigurationPlatforms) = postSolution
		{69DEB16D-7BAE-4D32-A111-1522B68BBB37}.Debug|Any CPU.ActiveCfg = Debug|Any CPU
		{69DEB16D-7BAE-4D32-A111-1522B68BBB37}.Debug|Any CPU.Build.0 = Debug|Any CPU
		{69DEB16D-7BAE-4D32-A111-1522B68BBB37}.Release|Any CPU.ActiveCfg = Release|Any CPU
		{69DEB16D-7BAE-4D32-A111-1522B68BBB37}.Release|Any CPU.Build.0 = Release|Any CPU
		{C05744E0-235E-4219-B5A8-C406B16453A5}.Debug|Any CPU.ActiveCfg = Debug|Any CPU
		{C05744E0-235E-4219-B5A8-C406B16453A5}.Debug|Any CPU.Build.0 = Debug|Any CPU
		{C05744E0-235E-4219-B5A8-C406B16453A5}.Release|Any CPU.ActiveCfg = Release|Any CPU
		{C05744E0-235E-4219-B5A8-C406B16453A5}.Release|Any CPU.Build.0 = Release|Any CPU
		{FA9A3DE1-C319-4B39-A5FD-E25429ACD076}.Debug|Any CPU.ActiveCfg = Debug|Any CPU
		{FA9A3DE1-C319-4B39-A5FD-E25429ACD076}.Debug|Any CPU.Build.0 = Debug|Any CPU
		{FA9A3DE1-C319-4B39-A5FD-E25429ACD076}.Release|Any CPU.ActiveCfg = Release|Any CPU
		{FA9A3DE1-C319-4B39-A5FD-E25429ACD076}.Release|Any CPU.Build.0 = Release|Any CPU
		{F7BEBB97-8702-4213-A8E5-C6F321A00ED0}.Debug|Any CPU.ActiveCfg = Debug|Any CPU
		{F7BEBB97-8702-4213-A8E5-C6F321A00ED0}.Debug|Any CPU.Build.0 = Debug|Any CPU
		{F7BEBB97-8702-4213-A8E5-C6F321A00ED0}.Release|Any CPU.ActiveCfg = Release|Any CPU
		{F7BEBB97-8702-4213-A8E5-C6F321A00ED0}.Release|Any CPU.Build.0 = Release|Any CPU
		{3851A5D1-2346-4725-B709-B3E383B1B72C}.Debug|Any CPU.ActiveCfg = Debug|Any CPU
		{3851A5D1-2346-4725-B709-B3E383B1B72C}.Debug|Any CPU.Build.0 = Debug|Any CPU
		{3851A5D1-2346-4725-B709-B3E383B1B72C}.Release|Any CPU.ActiveCfg = Release|Any CPU
		{3851A5D1-2346-4725-B709-B3E383B1B72C}.Release|Any CPU.Build.0 = Release|Any CPU
		{D5DDFED4-F61F-4A2D-B0EE-AA6B55D1E099}.Debug|Any CPU.ActiveCfg = Debug|Any CPU
		{D5DDFED4-F61F-4A2D-B0EE-AA6B55D1E099}.Debug|Any CPU.Build.0 = Debug|Any CPU
		{D5DDFED4-F61F-4A2D-B0EE-AA6B55D1E099}.Release|Any CPU.ActiveCfg = Release|Any CPU
		{D5DDFED4-F61F-4A2D-B0EE-AA6B55D1E099}.Release|Any CPU.Build.0 = Release|Any CPU
	EndGlobalSection
	GlobalSection(SolutionProperties) = preSolution
		HideSolutionNode = FALSE
	EndGlobalSection
	GlobalSection(ExtensibilityGlobals) = postSolution
		SolutionGuid = {D69DE932-F26B-4873-BACC-B11F70BCE34C}
	EndGlobalSection
EndGlobal
